<?xml version="1.0" encoding="UTF-8" standalone="yes" ?>
<CodeBlocks_project_file>
	<FileVersion major="1" minor="6" />
	<Project>
		<Option title="easyout" />
		<Option pch_mode="2" />
		<Option compiler="gnu_gcc_compiler_v530_x64" />
		<Build>
			<Target title="x32_test_formatter">
				<Option output="tests/test_formatter/bin/test" prefix_auto="1" extension_auto="1" />
				<Option working_dir="tests/test_formatter/bin/" />
				<Option object_output="tests/test_formatter/obj/" />
				<Option type="1" />
				<Option compiler="gnu_gcc_compiler_v530_x32" />
				<Compiler>
					<Add option="-g" />
				</Compiler>
			</Target>
			<Target title="x32_test_targets">
				<Option output="tests/test_targets/bin/test" prefix_auto="1" extension_auto="1" />
				<Option working_dir="tests/test_targets/bin/" />
				<Option object_output="tests/test_targets/obj/" />
				<Option type="1" />
				<Option compiler="gnu_gcc_compiler_v530_x32" />
				<Compiler>
					<Add option="-g" />
				</Compiler>
			</Target>
			<Target title="x32_test_output">
				<Option output="tests/test_output/bin/test" prefix_auto="1" extension_auto="1" />
				<Option working_dir="tests/test_output/bin/" />
				<Option object_output="tests/test_output/obj/" />
				<Option type="1" />
				<Option compiler="gnu_gcc_compiler_v530_x64" />
				<Compiler>
					<Add option="-std=c++11" />
					<Add option="-Wall" />
					<Add option="-g" />
				</Compiler>
			</Target>
		</Build>
		<Compiler>
			<Add option="-std=c++11" />
			<Add option="-Wall" />
			<Add option="-g" />
			<Add option="-DDEBUG_EASYOUT" />
		</Compiler>
		<Unit filename="include/easyout/basic_target.hpp">
			<Option target="x32_test_targets" />
			<Option target="x32_test_output" />
		</Unit>
		<Unit filename="include/easyout/cout_target.hpp" />
		<Unit filename="include/easyout/file_target.hpp" />
		<Unit filename="include/easyout/format_instance.hpp" />
		<Unit filename="include/easyout/formatter.hpp" />
		<Unit filename="include/easyout/output.hpp">
			<Option target="x32_test_output" />
		</Unit>
		<Unit filename="tests/test_formatter/test_formatter.cpp">
			<Option target="x32_test_formatter" />
		</Unit>
		<Unit filename="tests/test_output/test_output.cpp">
			<Option target="x32_test_output" />
		</Unit>
		<Unit filename="tests/test_targets/test_targets.cpp">
			<Option target="x32_test_targets" />
		</Unit>
		<Extensions>
			<code_completion />
			<envvars />
			<debugger />
			<DoxyBlocks>
				<comment_style block="5" line="2" />
				<doxyfile_project />
				<doxyfile_build />
				<doxyfile_warnings />
				<doxyfile_output />
				<doxyfile_dot />
				<general />
			</DoxyBlocks>
		</Extensions>
	</Project>
</CodeBlocks_project_file>
